
Microsoft Visual Studio Solution File, Format Version 12.00
# Blend for Visual Studio Version 16
VisualStudioVersion = 16.0.31729.503
MinimumVisualStudioVersion = 10.0.40219.1
Project("{FAE04EC0-301F-11D3-BF4B-00C04F79EFBC}") = "Lab11,2WpfApp", "Lab11,2WpfApp\Lab11,2WpfApp.csproj", "{C67B6305-E162-44D8-806D-A680DA0CBCCC}"
EndProject
Global
	GlobalSection(SolutionConfigurationPlatforms) = preSolution
		Debug|Any CPU = Debug|Any CPU
		Release|Any CPU = Release|Any CPU
	EndGlobalSection
	GlobalSection(ProjectConfigurationPlatforms) = postSolution
		{C67B6305-E162-44D8-806D-A680DA0CBCCC}.Debug|Any CPU.ActiveCfg = Debug|Any CPU
		{C67B6305-E162-44D8-806D-A680DA0CBCCC}.Debug|Any CPU.Build.0 = Debug|Any CPU
		{C67B6305-E162-44D8-806D-A680DA0CBCCC}.Release|Any CPU.ActiveCfg = Release|Any CPU
		{C67B6305-E162-44D8-806D-A680DA0CBCCC}.Release|Any CPU.Build.0 = Release|Any CPU
	EndGlobalSection
	GlobalSection(SolutionProperties) = preSolution
		HideSolutionNode = FALSE
	EndGlobalSection
	GlobalSection(ExtensibilityGlobals) = postSolution
		SolutionGuid = {964DE982-28EA-4B38-8B13-65525988134C}
	EndGlobalSection
EndGlobal
